{
  "name": "gatsby-starter-hello-world",
  "version": "0.1.0",
  "lockfileVersion": 1,
  "requires": true,
  "dependencies": {
    "@babel/helper-module-imports": {
      "version": "7.0.0",
      "resolved": "https://registry.npmjs.org/@babel/helper-module-imports/-/helper-module-imports-7.0.0.tgz",
      "integrity": "sha512-aP/hlLq01DWNEiDg4Jn23i+CXxW/owM4WpDLFUbpjxe4NS3BhLVZQ5i7E0ZrxuQ/vwekIeciyamgB1UIYxxM6A==",
      "dev": true,
      "requires": {
        "@babel/types": "^7.0.0"
      }
    },
    "@babel/types": {
      "version": "7.3.2",
      "resolved": "https://registry.npmjs.org/@babel/types/-/types-7.3.2.tgz",
      "integrity": "sha512-3Y6H8xlUlpbGR+XvawiH0UXehqydTmNmEpozWcXymqwcrwYAl5KMvKtQ+TF6f6E08V6Jur7v/ykdDSF+WDEIXQ==",
      "dev": true,
      "requires": {
        "esutils": "^2.0.2",
        "lodash": "^4.17.10",
        "to-fast-properties": "^2.0.0"
      }
    },
    "@emotion/cache": {
      "version": "10.0.27",
      "resolved": "https://registry.npmjs.org/@emotion/cache/-/cache-10.0.27.tgz",
      "integrity": "sha512-Zp8BEpbMunFsTcqAK4D7YTm3MvCp1SekflSLJH8lze2fCcSZ/yMkXHo8kb3t1/1Tdd3hAqf3Fb7z9VZ+FMiC9w==",
      "dev": true,
      "requires": {
        "@emotion/sheet": "0.9.4",
        "@emotion/stylis": "0.8.5",
        "@emotion/utils": "0.11.3",
        "@emotion/weak-memoize": "0.2.5"
      }
    },
    "@emotion/core": {
      "version": "10.0.28",
      "resolved": "https://registry.npmjs.org/@emotion/core/-/core-10.0.28.tgz",
      "integrity": "sha512-pH8UueKYO5jgg0Iq+AmCLxBsvuGtvlmiDCOuv8fGNYn3cowFpLN98L8zO56U0H1PjDIyAlXymgL3Wu7u7v6hbA==",
      "dev": true,
      "requires": {
        "@babel/runtime": "^7.5.5",
        "@emotion/cache": "^10.0.27",
        "@emotion/css": "^10.0.27",
        "@emotion/serialize": "^0.11.15",
        "@emotion/sheet": "0.9.4",
        "@emotion/utils": "0.11.3"
      },
      "dependencies": {
        "@babel/runtime": {
          "version": "7.8.4",
          "resolved": "https://registry.npmjs.org/@babel/runtime/-/runtime-7.8.4.tgz",
          "integrity": "sha512-neAp3zt80trRVBI1x0azq6c57aNBqYZH8KhMm3TaB7wEI5Q4A2SHfBHE8w9gOhI/lrqxtEbXZgQIrHP+wvSGwQ==",
          "dev": true,
          "requires": {
            "regenerator-runtime": "^0.13.2"
          }
        },
        "regenerator-runtime": {
          "version": "0.13.3",
          "resolved": "https://registry.npmjs.org/regenerator-runtime/-/regenerator-runtime-0.13.3.tgz",
          "integrity": "sha512-naKIZz2GQ8JWh///G7L3X6LaQUAMp2lvb1rvwwsURe/VXwD6VMfr+/1NuNw3ag8v2kY1aQ/go5SNn79O9JU7yw==",
          "dev": true
        }
      }
    },
    "@emotion/css": {
      "version": "10.0.27",
      "resolved": "https://registry.npmjs.org/@emotion/css/-/css-10.0.27.tgz",
      "integrity": "sha512-6wZjsvYeBhyZQYNrGoR5yPMYbMBNEnanDrqmsqS1mzDm1cOTu12shvl2j4QHNS36UaTE0USIJawCH9C8oW34Zw==",
      "dev": true,
      "requires": {
        "@emotion/serialize": "^0.11.15",
        "@emotion/utils": "0.11.3",
        "babel-plugin-emotion": "^10.0.27"
      }
    },
    "@emotion/hash": {
      "version": "0.7.4",
      "resolved": "https://registry.npmjs.org/@emotion/hash/-/hash-0.7.4.tgz",
      "integrity": "sha512-fxfMSBMX3tlIbKUdtGKxqB1fyrH6gVrX39Gsv3y8lRYKUqlgDt3UMqQyGnR1bQMa2B8aGnhLZokZgg8vT0Le+A==",
      "dev": true
    },
    "@emotion/is-prop-valid": {
      "version": "0.8.7",
      "resolved": "https://registry.npmjs.org/@emotion/is-prop-valid/-/is-prop-valid-0.8.7.tgz",
      "integrity": "sha512-OPkKzUeiid0vEKjZqnGcy2mzxjIlCffin+L2C02pdz/bVlt5zZZE2VzO0D3XOPnH0NEeF21QNKSXiZphjr4xiQ==",
      "dev": true,
      "requires": {
        "@emotion/memoize": "0.7.4"
      }
    },
    "@emotion/memoize": {
      "version": "0.7.4",
      "resolved": "https://registry.npmjs.org/@emotion/memoize/-/memoize-0.7.4.tgz",
      "integrity": "sha512-Ja/Vfqe3HpuzRsG1oBtWTHk2PGZ7GR+2Vz5iYGelAw8dx32K0y7PjVuxK6z1nMpZOqAFsRUPCkK1YjJ56qJlgw==",
      "dev": true
    },
    "@emotion/serialize": {
      "version": "0.11.15",
      "resolved": "https://registry.npmjs.org/@emotion/serialize/-/serialize-0.11.15.tgz",
      "integrity": "sha512-YE+qnrmGwyR+XB5j7Bi+0GT1JWsdcjM/d4POu+TXkcnrRs4RFCCsi3d/Ebf+wSStHqAlTT2+dfd+b9N9EO2KBg==",
      "dev": true,
      "requires": {
        "@emotion/hash": "0.7.4",
        "@emotion/memoize": "0.7.4",
        "@emotion/unitless": "0.7.5",
        "@emotion/utils": "0.11.3",
        "csstype": "^2.5.7"
      }
    },
    "@emotion/sheet": {
      "version": "0.9.4",
      "resolved": "https://registry.npmjs.org/@emotion/sheet/-/sheet-0.9.4.tgz",
      "integrity": "sha512-zM9PFmgVSqBw4zL101Q0HrBVTGmpAxFZH/pYx/cjJT5advXguvcgjHFTCaIO3enL/xr89vK2bh0Mfyj9aa0ANA==",
      "dev": true
    },
    "@emotion/styled": {
      "version": "10.0.27",
      "resolved": "https://registry.npmjs.org/@emotion/styled/-/styled-10.0.27.tgz",
      "integrity": "sha512-iK/8Sh7+NLJzyp9a5+vIQIXTYxfT4yB/OJbjzQanB2RZpvmzBQOHZWhpAMZWYEKRNNbsD6WfBw5sVWkb6WzS/Q==",
      "dev": true,
      "requires": {
        "@emotion/styled-base": "^10.0.27",
        "babel-plugin-emotion": "^10.0.27"
      }
    },
    "@emotion/styled-base": {
      "version": "10.0.28",
      "resolved": "https://registry.npmjs.org/@emotion/styled-base/-/styled-base-10.0.28.tgz",
      "integrity": "sha512-bLYVsPlFZ3SIR9YQsuFiJ9mML76ZLnsAfbkwBFbdMTCJ/0I+xgv+SG/QYHiLvGUUohjNVPeneYUyTUkcKndWxg==",
      "dev": true,
      "requires": {
        "@babel/runtime": "^7.5.5",
        "@emotion/is-prop-valid": "0.8.7",
        "@emotion/serialize": "^0.11.15",
        "@emotion/utils": "0.11.3"
      },
      "dependencies": {
        "@babel/runtime": {
          "version": "7.8.4",
          "resolved": "https://registry.npmjs.org/@babel/runtime/-/runtime-7.8.4.tgz",
          "integrity": "sha512-neAp3zt80trRVBI1x0azq6c57aNBqYZH8KhMm3TaB7wEI5Q4A2SHfBHE8w9gOhI/lrqxtEbXZgQIrHP+wvSGwQ==",
          "dev": true,
          "requires": {
            "regenerator-runtime": "^0.13.2"
          }
        },
        "regenerator-runtime": {
          "version": "0.13.3",
          "resolved": "https://registry.npmjs.org/regenerator-runtime/-/regenerator-runtime-0.13.3.tgz",
          "integrity": "sha512-naKIZz2GQ8JWh///G7L3X6LaQUAMp2lvb1rvwwsURe/VXwD6VMfr+/1NuNw3ag8v2kY1aQ/go5SNn79O9JU7yw==",
          "dev": true
        }
      }
    },
    "@emotion/stylis": {
      "version": "0.8.5",
      "resolved": "https://registry.npmjs.org/@emotion/stylis/-/stylis-0.8.5.tgz",
      "integrity": "sha512-h6KtPihKFn3T9fuIrwvXXUOwlx3rfUvfZIcP5a6rh8Y7zjE3O06hT5Ss4S/YI1AYhuZ1kjaE/5EaOOI2NqSylQ==",
      "dev": true
    },
    "@emotion/unitless": {
      "version": "0.7.5",
      "resolved": "https://registry.npmjs.org/@emotion/unitless/-/unitless-0.7.5.tgz",
      "integrity": "sha512-OWORNpfjMsSSUBVrRBVGECkhWcULOAJz9ZW8uK9qgxD+87M7jHRcvh/A96XXNhXTLmKcoYSQtBEX7lHMO7YRwg==",
      "dev": true
    },
    "@emotion/utils": {
      "version": "0.11.3",
      "resolved": "https://registry.npmjs.org/@emotion/utils/-/utils-0.11.3.tgz",
      "integrity": "sha512-0o4l6pZC+hI88+bzuaX/6BgOvQVhbt2PfmxauVaYOGgbsAw14wdKyvMCZXnsnsHys94iadcF+RG/wZyx6+ZZBw==",
      "dev": true
    },
    "@emotion/weak-memoize": {
      "version": "0.2.5",
      "resolved": "https://registry.npmjs.org/@emotion/weak-memoize/-/weak-memoize-0.2.5.tgz",
      "integrity": "sha512-6U71C2Wp7r5XtFtQzYrW5iKFT67OixrSxjI4MptCHzdSVlgabczzqLe0ZSgnub/5Kp4hSbpDB1tMytZY9pwxxA==",
      "dev": true
    },
    "@types/prop-types": {
      "version": "15.5.8",
      "resolved": "https://registry.npmjs.org/@types/prop-types/-/prop-types-15.5.8.tgz",
      "integrity": "sha512-3AQoUxQcQtLHsK25wtTWIoIpgYjH3vSDroZOUr7PpCHw/jLY1RB9z9E8dBT/OSmwStVgkRNvdh+ZHNiomRieaw==",
      "dev": true
    },
    "@types/react": {
      "version": "16.8.2",
      "resolved": "https://registry.npmjs.org/@types/react/-/react-16.8.2.tgz",
      "integrity": "sha512-6mcKsqlqkN9xADrwiUz2gm9Wg4iGnlVGciwBRYFQSMWG6MQjhOZ/AVnxn+6v8nslFgfYTV8fNdE6XwKu6va5PA==",
      "dev": true,
      "requires": {
        "@types/prop-types": "*",
        "csstype": "^2.2.0"
      }
    },
    "@types/styled-system": {
      "version": "5.1.7",
      "resolved": "https://registry.npmjs.org/@types/styled-system/-/styled-system-5.1.7.tgz",
      "integrity": "sha512-0zMxF/B5Z4T6ZhCP8CKtxe8wBmH7sqDjK3lOMByNQ6gG/Qf6RDnBp1aZwkReS1uDVhrsPx9J+IbLigpAdYBkrQ==",
      "dev": true,
      "requires": {
        "csstype": "^2.6.9"
      },
      "dependencies": {
        "csstype": {
          "version": "2.6.9",
          "resolved": "https://registry.npmjs.org/csstype/-/csstype-2.6.9.tgz",
          "integrity": "sha512-xz39Sb4+OaTsULgUERcCk+TJj8ylkL4aSVDQiX/ksxbELSqwkgt4d4RD7fovIdgJGSuNYqwZEiVjYY5l0ask+Q==",
          "dev": true
        }
      }
    },
    "@types/styled-system__css": {
      "version": "5.0.5",
      "resolved": "https://registry.npmjs.org/@types/styled-system__css/-/styled-system__css-5.0.5.tgz",
      "integrity": "sha512-JaKYusiRtP3osDx+PhTPP7Ki68mMKoImv/bhr7lK4UFAxeXvveARD5v5rUY0Oy0pfbNkky/nVgHlgGaPbG/JBQ==",
      "dev": true,
      "requires": {
        "csstype": "^2.6.6"
      },
      "dependencies": {
        "csstype": {
          "version": "2.6.9",
          "resolved": "https://registry.npmjs.org/csstype/-/csstype-2.6.9.tgz",
          "integrity": "sha512-xz39Sb4+OaTsULgUERcCk+TJj8ylkL4aSVDQiX/ksxbELSqwkgt4d4RD7fovIdgJGSuNYqwZEiVjYY5l0ask+Q==",
          "dev": true
        }
      }
    },
    "@types/theme-ui": {
      "version": "0.3.0",
      "resolved": "https://registry.npmjs.org/@types/theme-ui/-/theme-ui-0.3.0.tgz",
      "integrity": "sha512-3PJw/As8C1HeLJXZytGf5Gfz7HBKskbtyOabPsHSNRTr+jLZvIWpFKF9hgDWYp7io35UcLDS5TLcFwiCGGxAzg==",
      "dev": true,
      "requires": {
        "@emotion/serialize": "^0.11.15",
        "@types/react": "*",
        "@types/styled-system": "*",
        "@types/styled-system__css": "*",
        "@types/theme-ui__components": "*",
        "csstype": "^2.6.6"
      },
      "dependencies": {
        "csstype": {
          "version": "2.6.9",
          "resolved": "https://registry.npmjs.org/csstype/-/csstype-2.6.9.tgz",
          "integrity": "sha512-xz39Sb4+OaTsULgUERcCk+TJj8ylkL4aSVDQiX/ksxbELSqwkgt4d4RD7fovIdgJGSuNYqwZEiVjYY5l0ask+Q==",
          "dev": true
        }
      }
    },
    "@types/theme-ui__components": {
      "version": "0.2.3",
      "resolved": "https://registry.npmjs.org/@types/theme-ui__components/-/theme-ui__components-0.2.3.tgz",
      "integrity": "sha512-g0q3IpJxDXPQvWhaVSXJroB74dxD6HAHAfCbb3unV7iaoovrLact1Yxan5cDRMqHf8d7ub3JAvpSmGSdlNJ5OQ==",
      "dev": true,
      "requires": {
        "@emotion/core": "^10.0.0",
        "@emotion/styled": "^10.0.0",
        "@types/react": "*",
        "@types/styled-system": "*",
        "@types/theme-ui": "*"
      }
    },
    "argparse": {
      "version": "1.0.10",
      "resolved": "https://registry.npmjs.org/argparse/-/argparse-1.0.10.tgz",
      "integrity": "sha512-o5Roy6tNG4SL/FOkCAN6RzjiakZS25RLYFrcMttJqbdd8BWrnA+fGz57iN5Pb06pvBGvl5gQ0B48dJlslXvoTg==",
      "dev": true,
      "requires": {
        "sprintf-js": "~1.0.2"
      }
    },
    "babel-plugin-emotion": {
      "version": "10.0.28",
      "resolved": "https://registry.npmjs.org/babel-plugin-emotion/-/babel-plugin-emotion-10.0.28.tgz",
      "integrity": "sha512-h25EMmPxYVNOgsEkGIjCv2Ok+HzW/e/b5lf2v2U17T9k6y6g0ku3TG9b+jy94ZrqMh+b/njRF4uOQrwVr28QfQ==",
      "dev": true,
      "requires": {
        "@babel/helper-module-imports": "^7.0.0",
        "@emotion/hash": "0.7.4",
        "@emotion/memoize": "0.7.4",
        "@emotion/serialize": "^0.11.15",
        "babel-plugin-macros": "^2.0.0",
        "babel-plugin-syntax-jsx": "^6.18.0",
        "convert-source-map": "^1.5.0",
        "escape-string-regexp": "^1.0.5",
        "find-root": "^1.1.0",
        "source-map": "^0.5.7"
      }
    },
    "babel-plugin-macros": {
      "version": "2.5.0",
      "resolved": "https://registry.npmjs.org/babel-plugin-macros/-/babel-plugin-macros-2.5.0.tgz",
      "integrity": "sha512-BWw0lD0kVZAXRD3Od1kMrdmfudqzDzYv2qrN3l2ISR1HVp1EgLKfbOrYV9xmY5k3qx3RIu5uPAUZZZHpo0o5Iw==",
      "dev": true,
      "requires": {
        "cosmiconfig": "^5.0.5",
        "resolve": "^1.8.1"
      }
    },
    "babel-plugin-syntax-jsx": {
      "version": "6.18.0",
      "resolved": "https://registry.npmjs.org/babel-plugin-syntax-jsx/-/babel-plugin-syntax-jsx-6.18.0.tgz",
      "integrity": "sha1-CvMqmm4Tyno/1QaeYtew9Y0NiUY=",
      "dev": true
    },
    "caller-callsite": {
      "version": "2.0.0",
      "resolved": "https://registry.npmjs.org/caller-callsite/-/caller-callsite-2.0.0.tgz",
      "integrity": "sha1-hH4PzgoiN1CpoCfFSzNzGtMVQTQ=",
      "dev": true,
      "requires": {
        "callsites": "^2.0.0"
      }
    },
    "caller-path": {
      "version": "2.0.0",
      "resolved": "https://registry.npmjs.org/caller-path/-/caller-path-2.0.0.tgz",
      "integrity": "sha1-Ro+DBE42mrIBD6xfBs7uFbsssfQ=",
      "dev": true,
      "requires": {
        "caller-callsite": "^2.0.0"
      }
    },
    "callsites": {
      "version": "2.0.0",
      "resolved": "https://registry.npmjs.org/callsites/-/callsites-2.0.0.tgz",
      "integrity": "sha1-BuuE8A7qQT2oav/vrL/7Ngk7PFA=",
      "dev": true
    },
    "convert-source-map": {
      "version": "1.6.0",
      "resolved": "https://registry.npmjs.org/convert-source-map/-/convert-source-map-1.6.0.tgz",
      "integrity": "sha512-eFu7XigvxdZ1ETfbgPBohgyQ/Z++C0eEhTor0qRwBw9unw+L0/6V8wkSuGgzdThkiS5lSpdptOQPD8Ak40a+7A==",
      "dev": true,
      "requires": {
        "safe-buffer": "~5.1.1"
      }
    },
    "cosmiconfig": {
      "version": "5.0.7",
      "resolved": "https://registry.npmjs.org/cosmiconfig/-/cosmiconfig-5.0.7.tgz",
      "integrity": "sha512-PcLqxTKiDmNT6pSpy4N6KtuPwb53W+2tzNvwOZw0WH9N6O0vLIBq0x8aj8Oj75ere4YcGi48bDFCL+3fRJdlNA==",
      "dev": true,
      "requires": {
        "import-fresh": "^2.0.0",
        "is-directory": "^0.3.1",
        "js-yaml": "^3.9.0",
        "parse-json": "^4.0.0"
      }
    },
    "csstype": {
      "version": "2.6.2",
      "resolved": "https://registry.npmjs.org/csstype/-/csstype-2.6.2.tgz",
      "integrity": "sha512-Rl7PvTae0pflc1YtxtKbiSqq20Ts6vpIYOD5WBafl4y123DyHUeLrRdQP66sQW8/6gmX8jrYJLXwNeMqYVJcow==",
      "dev": true
    },
    "error-ex": {
      "version": "1.3.2",
      "resolved": "https://registry.npmjs.org/error-ex/-/error-ex-1.3.2.tgz",
      "integrity": "sha512-7dFHNmqeFSEt2ZBsCriorKnn3Z2pj+fd9kmI6QoWw4//DL+icEBfc0U7qJCisqrTsKTjw4fNFy2pW9OqStD84g==",
      "dev": true,
      "requires": {
        "is-arrayish": "^0.2.1"
      }
    },
    "escape-string-regexp": {
      "version": "1.0.5",
      "resolved": "https://registry.npmjs.org/escape-string-regexp/-/escape-string-regexp-1.0.5.tgz",
      "integrity": "sha1-G2HAViGQqN/2rjuyzwIAyhMLhtQ=",
      "dev": true
    },
    "esprima": {
      "version": "4.0.1",
      "resolved": "https://registry.npmjs.org/esprima/-/esprima-4.0.1.tgz",
      "integrity": "sha512-eGuFFw7Upda+g4p+QHvnW0RyTX/SVeJBDM/gCtMARO0cLuT2HcEKnTPvhjV6aGeqrCB/sbNop0Kszm0jsaWU4A==",
      "dev": true
    },
    "esutils": {
      "version": "2.0.2",
      "resolved": "https://registry.npmjs.org/esutils/-/esutils-2.0.2.tgz",
      "integrity": "sha1-Cr9PHKpbyx96nYrMbepPqqBLrJs=",
      "dev": true
    },
    "find-root": {
      "version": "1.1.0",
      "resolved": "https://registry.npmjs.org/find-root/-/find-root-1.1.0.tgz",
      "integrity": "sha512-NKfW6bec6GfKc0SGx1e07QZY9PE99u0Bft/0rzSD5k3sO/vwkVUpDUKVm5Gpp5Ue3YfShPFTX2070tDs5kB9Ng==",
      "dev": true
    },
    "import-fresh": {
      "version": "2.0.0",
      "resolved": "https://registry.npmjs.org/import-fresh/-/import-fresh-2.0.0.tgz",
      "integrity": "sha1-2BNVwVYS04bGH53dOSLUMEgipUY=",
      "dev": true,
      "requires": {
        "caller-path": "^2.0.0",
        "resolve-from": "^3.0.0"
      }
    },
    "is-arrayish": {
      "version": "0.2.1",
      "resolved": "https://registry.npmjs.org/is-arrayish/-/is-arrayish-0.2.1.tgz",
      "integrity": "sha1-d8mYQFJ6qOyxqLppe4BkWnqSap0=",
      "dev": true
    },
    "is-directory": {
      "version": "0.3.1",
      "resolved": "https://registry.npmjs.org/is-directory/-/is-directory-0.3.1.tgz",
      "integrity": "sha1-YTObbyR1/Hcv2cnYP1yFddwVSuE=",
      "dev": true
    },
    "js-yaml": {
      "version": "3.12.1",
      "resolved": "https://registry.npmjs.org/js-yaml/-/js-yaml-3.12.1.tgz",
      "integrity": "sha512-um46hB9wNOKlwkHgiuyEVAybXBjwFUV0Z/RaHJblRd9DXltue9FTYvzCr9ErQrK9Adz5MU4gHWVaNUfdmrC8qA==",
      "dev": true,
      "requires": {
        "argparse": "^1.0.7",
        "esprima": "^4.0.0"
      }
    },
    "json-parse-better-errors": {
      "version": "1.0.2",
      "resolved": "https://registry.npmjs.org/json-parse-better-errors/-/json-parse-better-errors-1.0.2.tgz",
      "integrity": "sha512-mrqyZKfX5EhL7hvqcV6WG1yYjnjeuYDzDhhcAAUrq8Po85NBQBJP+ZDUT75qZQ98IkUoBqdkExkukOU7Ts2wrw==",
      "dev": true
    },
    "lodash": {
      "version": "4.17.11",
      "resolved": "https://registry.npmjs.org/lodash/-/lodash-4.17.11.tgz",
      "integrity": "sha512-cQKh8igo5QUhZ7lg38DYWAxMvjSAKG0A8wGSVimP07SIUEK2UO+arSRKbRZWtelMtN5V0Hkwh5ryOto/SshYIg==",
      "dev": true
    },
    "parse-json": {
      "version": "4.0.0",
      "resolved": "https://registry.npmjs.org/parse-json/-/parse-json-4.0.0.tgz",
      "integrity": "sha1-vjX1Qlvh9/bHRxhPmKeIy5lHfuA=",
      "dev": true,
      "requires": {
        "error-ex": "^1.3.1",
        "json-parse-better-errors": "^1.0.1"
      }
    },
    "path-parse": {
      "version": "1.0.6",
      "resolved": "https://registry.npmjs.org/path-parse/-/path-parse-1.0.6.tgz",
      "integrity": "sha512-GSmOT2EbHrINBf9SR7CDELwlJ8AENk3Qn7OikK4nFYAu3Ote2+JYNVvkpAEQm3/TLNEJFD/xZJjzyxg3KBWOzw==",
      "dev": true
    },
    "resolve": {
      "version": "1.10.0",
      "resolved": "https://registry.npmjs.org/resolve/-/resolve-1.10.0.tgz",
      "integrity": "sha512-3sUr9aq5OfSg2S9pNtPA9hL1FVEAjvfOC4leW0SNf/mpnaakz2a9femSd6LqAww2RaFctwyf1lCqnTHuF1rxDg==",
      "dev": true,
      "requires": {
        "path-parse": "^1.0.6"
      }
    },
    "resolve-from": {
      "version": "3.0.0",
      "resolved": "https://registry.npmjs.org/resolve-from/-/resolve-from-3.0.0.tgz",
      "integrity": "sha1-six699nWiBvItuZTM17rywoYh0g=",
      "dev": true
    },
    "safe-buffer": {
      "version": "5.1.2",
      "resolved": "https://registry.npmjs.org/safe-buffer/-/safe-buffer-5.1.2.tgz",
      "integrity": "sha512-Gd2UZBJDkXlY7GbJxfsE8/nvKkUEU1G38c1siN6QP6a9PT9MmHB8GnpscSmMJSoF8LOIrt8ud/wPtojys4G6+g==",
      "dev": true
    },
    "source-map": {
      "version": "0.5.7",
      "resolved": "https://registry.npmjs.org/source-map/-/source-map-0.5.7.tgz",
      "integrity": "sha1-igOdLRAh0i0eoUyA2OpGi6LvP8w=",
      "dev": true
    },
    "sprintf-js": {
      "version": "1.0.3",
      "resolved": "https://registry.npmjs.org/sprintf-js/-/sprintf-js-1.0.3.tgz",
      "integrity": "sha1-BOaSb2YolTVPPdAVIDYzuFcpfiw=",
      "dev": true
    },
    "to-fast-properties": {
      "version": "2.0.0",
      "resolved": "https://registry.npmjs.org/to-fast-properties/-/to-fast-properties-2.0.0.tgz",
      "integrity": "sha1-3F5pjL0HkmW8c+A3doGk5Og/YW4=",
      "dev": true
    }
  }
}
